{
    "name": "ios-weekly-site-build",
    "version": "1.0.0",
    "lockfileVersion": 3,
    "requires": true,
    "packages": {
        "": {
            "name": "ios-weekly-site-build",
            "version": "1.0.0",
            "dependencies": {
                "marked": "^12.0.2",
                "minisearch": "^7.1.0"
            }
        },
        "node_modules/marked": {
            "version": "12.0.2",
            "resolved": "https://registry.npmjs.org/marked/-/marked-12.0.2.tgz",
            "integrity": "sha512-qXUm7e/YKFoqFPYPa3Ukg9xlI5cyAtGmyEIzMfW//m6kXwCy2Ps9DYf5ioijFKQ8qyuscrHoY04iJGctu2Kg0Q==",
            "license": "MIT",
            "bin": {
                "marked": "bin/marked.js"
            },
            "engines": {
                "node": ">= 18"
            }
        },
        "node_modules/minisearch": {
            "version": "7.2.0",
            "resolved": "https://registry.npmjs.org/minisearch/-/minisearch-7.2.0.tgz",
            "integrity": "sha512-dqT2XBYUOZOiC5t2HRnwADjhNS2cecp9u+TJRiJ1Qp/f5qjkeT5APcGPjHw+bz89Ms8Jp+cG4AlE+QZ/QnDglg==",
            "license": "MIT"
        }
    }
}
